
Microsoft Visual Studio Solution File, Format Version 12.00
# Visual Studio 15
VisualStudioVersion = 15.0.28307.539
MinimumVisualStudioVersion = 10.0.40219.1
Project("{FAE04EC0-301F-11D3-BF4B-00C04F79EFBC}") = "Motus", "ConsoleApp4\Motus.csproj", "{573170C7-E249-447F-B6EC-AD28F7F787BF}"
EndProject
Global
	GlobalSection(SolutionConfigurationPlatforms) = preSolution
		Debug|Any CPU = Debug|Any CPU
		Release|Any CPU = Release|Any CPU
	EndGlobalSection
	GlobalSection(ProjectConfigurationPlatforms) = postSolution
		{573170C7-E249-447F-B6EC-AD28F7F787BF}.Debug|Any CPU.ActiveCfg = Debug|Any CPU
		{573170C7-E249-447F-B6EC-AD28F7F787BF}.Debug|Any CPU.Build.0 = Debug|Any CPU
		{573170C7-E249-447F-B6EC-AD28F7F787BF}.Release|Any CPU.ActiveCfg = Release|Any CPU
		{573170C7-E249-447F-B6EC-AD28F7F787BF}.Release|Any CPU.Build.0 = Release|Any CPU
	EndGlobalSection
	GlobalSection(SolutionProperties) = preSolution
		HideSolutionNode = FALSE
	EndGlobalSection
	GlobalSection(ExtensibilityGlobals) = postSolution
		SolutionGuid = {B85D5A92-AEAC-4597-B126-9789F7A4ADDF}
	EndGlobalSection
EndGlobal
